{
  "name": "json-compress",
  "version": "1.0.0",
  "lockfileVersion": 1,
  "requires": true,
  "dependencies": {
    "json-compressor": {
      "version": "0.0.1",
      "resolved": "https://registry.npmjs.org/json-compressor/-/json-compressor-0.0.1.tgz",
      "integrity": "sha1-M8hiKlIpEgOU0qcCF/OJaa3BEco="
    }
  }
}
